
Microsoft Visual Studio Solution File, Format Version 12.00
# Visual Studio 15
VisualStudioVersion = 15.0.26730.16
MinimumVisualStudioVersion = 10.0.40219.1
Project("{E24C65DC-7377-472B-9ABA-BC803B73C61A}") = "167snowschool", ".", "{1F77BFA9-A4DF-465E-ADA9-68A97422CD27}"
	ProjectSection(WebsiteProperties) = preProject
		TargetFrameworkMoniker = ".NETFramework,Version%3Dv4.5.1"
		Debug.AspNetCompiler.VirtualPath = "/localhost_50347"
		Debug.AspNetCompiler.PhysicalPath = "..\167snowschool\"
		Debug.AspNetCompiler.TargetPath = "PrecompiledWeb\localhost_50347\"
		Debug.AspNetCompiler.Updateable = "true"
		Debug.AspNetCompiler.ForceOverwrite = "true"
		Debug.AspNetCompiler.FixedNames = "false"
		Debug.AspNetCompiler.Debug = "True"
		Release.AspNetCompiler.VirtualPath = "/localhost_50347"
		Release.AspNetCompiler.PhysicalPath = "..\167snowschool\"
		Release.AspNetCompiler.TargetPath = "PrecompiledWeb\localhost_50347\"
		Release.AspNetCompiler.Updateable = "true"
		Release.AspNetCompiler.ForceOverwrite = "true"
		Release.AspNetCompiler.FixedNames = "false"
		Release.AspNetCompiler.Debug = "False"
		VWDPort = "50347"
		SlnRelativePath = "..\167snowschool\"
	EndProjectSection
EndProject
Global
	GlobalSection(SolutionConfigurationPlatforms) = preSolution
		Debug|Any CPU = Debug|Any CPU
	EndGlobalSection
	GlobalSection(ProjectConfigurationPlatforms) = postSolution
		{1F77BFA9-A4DF-465E-ADA9-68A97422CD27}.Debug|Any CPU.ActiveCfg = Debug|Any CPU
		{1F77BFA9-A4DF-465E-ADA9-68A97422CD27}.Debug|Any CPU.Build.0 = Debug|Any CPU
	EndGlobalSection
	GlobalSection(SolutionProperties) = preSolution
		HideSolutionNode = FALSE
	EndGlobalSection
	GlobalSection(ExtensibilityGlobals) = postSolution
		SolutionGuid = {A4FCBFE8-8358-48C0-895E-C08C0B34FE3C}
	EndGlobalSection
EndGlobal
